// !$*UTF8*$!
{
	archiveVersion = 1;
	classes = {
	};
	objectVersion = 55;
	objects = {

/* Begin PBXBuildFile section */
		B16AD06527B9F5CE00FDDD86 /* AppDelegate.swift in Sources */ = {isa = PBXBuildFile; fileRef = B16AD06427B9F5CE00FDDD86 /* AppDelegate.swift */; };
		B16AD06927B9F5CE00FDDD86 /* ViewController.swift in Sources */ = {isa = PBXBuildFile; fileRef = B16AD06827B9F5CE00FDDD86 /* ViewController.swift */; };
		B16AD06E27B9F5CE00FDDD86 /* Assets.xcassets in Resources */ = {isa = PBXBuildFile; fileRef = B16AD06D27B9F5CE00FDDD86 /* Assets.xcassets */; };
		B16AD07127B9F5CE00FDDD86 /* LaunchScreen.storyboard in Resources */ = {isa = PBXBuildFile; fileRef = B16AD06F27B9F5CE00FDDD86 /* LaunchScreen.storyboard */; };
		B16AD07927B9F65000FDDD86 /* PlaylistCell.swift in Sources */ = {isa = PBXBuildFile; fileRef = B16AD07827B9F65000FDDD86 /* PlaylistCell.swift */; };
		B16AD07B27B9F66300FDDD86 /* Factories.swift in Sources */ = {isa = PBXBuildFile; fileRef = B16AD07A27B9F66300FDDD86 /* Factories.swift */; };
		B16AD07D27B9F67500FDDD86 /* HomeController.swift in Sources */ = {isa = PBXBuildFile; fileRef = B16AD07C27B9F67500FDDD86 /* HomeController.swift */; };
		B16AD07F27B9F68500FDDD86 /* Data.swift in Sources */ = {isa = PBXBuildFile; fileRef = B16AD07E27B9F68500FDDD86 /* Data.swift */; };
		B16AD08127B9F69500FDDD86 /* MenuBar.swift in Sources */ = {isa = PBXBuildFile; fileRef = B16AD08027B9F69500FDDD86 /* MenuBar.swift */; };
		B16AD08327B9F6C700FDDD86 /* Container.swift in Sources */ = {isa = PBXBuildFile; fileRef = B16AD08227B9F6C700FDDD86 /* Container.swift */; };
		B16AD08527B9F6D800FDDD86 /* Button.swift in Sources */ = {isa = PBXBuildFile; fileRef = B16AD08427B9F6D800FDDD86 /* Button.swift */; };
/* End PBXBuildFile section */

/* Begin PBXFileReference section */
		B16AD06127B9F5CE00FDDD86 /* Spotify_Clone.app */ = {isa = PBXFileReference; explicitFileType = wrapper.application; includeInIndex = 0; path = Spotify_Clone.app; sourceTree = BUILT_PRODUCTS_DIR; };
		B16AD06427B9F5CE00FDDD86 /* AppDelegate.swift */ = {isa = PBXFileReference; lastKnownFileType = sourcecode.swift; path = AppDelegate.swift; sourceTree = "<group>"; };
		B16AD06827B9F5CE00FDDD86 /* ViewController.swift */ = {isa = PBXFileReference; lastKnownFileType = sourcecode.swift; path = ViewController.swift; sourceTree = "<group>"; };
		B16AD06D27B9F5CE00FDDD86 /* Assets.xcassets */ = {isa = PBXFileReference; lastKnownFileType = folder.assetcatalog; path = Assets.xcassets; sourceTree = "<group>"; };
		B16AD07027B9F5CE00FDDD86 /* Base */ = {isa = PBXFileReference; lastKnownFileType = file.storyboard; name = Base; path = Base.lproj/LaunchScreen.storyboard; sourceTree = "<group>"; };
		B16AD07227B9F5CE00FDDD86 /* Info.plist */ = {isa = PBXFileReference; lastKnownFileType = text.plist.xml; path = Info.plist; sourceTree = "<group>"; };
		B16AD07827B9F65000FDDD86 /* PlaylistCell.swift */ = {isa = PBXFileReference; lastKnownFileType = sourcecode.swift; path = PlaylistCell.swift; sourceTree = "<group>"; };
		B16AD07A27B9F66300FDDD86 /* Factories.swift */ = {isa = PBXFileReference; lastKnownFileType = sourcecode.swift; path = Factories.swift; sourceTree = "<group>"; };
		B16AD07C27B9F67500FDDD86 /* HomeController.swift */ = {isa = PBXFileReference; lastKnownFileType = sourcecode.swift; path = HomeController.swift; sourceTree = "<group>"; };
		B16AD07E27B9F68500FDDD86 /* Data.swift */ = {isa = PBXFileReference; lastKnownFileType = sourcecode.swift; path = Data.swift; sourceTree = "<group>"; };
		B16AD08027B9F69500FDDD86 /* MenuBar.swift */ = {isa = PBXFileReference; lastKnownFileType = sourcecode.swift; path = MenuBar.swift; sourceTree = "<group>"; };
		B16AD08227B9F6C700FDDD86 /* Container.swift */ = {isa = PBXFileReference; lastKnownFileType = sourcecode.swift; path = Container.swift; sourceTree = "<group>"; };
		B16AD08427B9F6D800FDDD86 /* Button.swift */ = {isa = PBXFileReference; lastKnownFileType = sourcecode.swift; path = Button.swift; sourceTree = "<group>"; };
/* End PBXFileReference section */

/* Begin PBXFrameworksBuildPhase section */
		B16AD05E27B9F5CE00FDDD86 /* Frameworks */ = {
			isa = PBXFrameworksBuildPhase;
			buildActionMask = 2147483647;
			files = (
			);
			runOnlyForDeploymentPostprocessing = 0;
		};
/* End PBXFrameworksBuildPhase section */

/* Begin PBXGroup section */
		B16AD05827B9F5CE00FDDD86 = {
			isa = PBXGroup;
			children = (
				B16AD06327B9F5CE00FDDD86 /* Spotify_Clone */,
				B16AD06227B9F5CE00FDDD86 /* Products */,
			);
			sourceTree = "<group>";
		};
		B16AD06227B9F5CE00FDDD86 /* Products */ = {
			isa = PBXGroup;
			children = (
				B16AD06127B9F5CE00FDDD86 /* Spotify_Clone.app */,
			);
			name = Products;
			sourceTree = "<group>";
		};
		B16AD06327B9F5CE00FDDD86 /* Spotify_Clone */ = {
			isa = PBXGroup;
			children = (
				B178887227BB488600D28CE3 /* Controllers */,
				B178887027BB486300D28CE3 /* Model */,
				B178887127BB486F00D28CE3 /* Views */,
				B16AD06427B9F5CE00FDDD86 /* AppDelegate.swift */,
				B16AD06D27B9F5CE00FDDD86 /* Assets.xcassets */,
				B16AD07227B9F5CE00FDDD86 /* Info.plist */,
				B16AD06F27B9F5CE00FDDD86 /* LaunchScreen.storyboard */,
			);
			path = Spotify_Clone;
			sourceTree = "<group>";
		};
		B178887027BB486300D28CE3 /* Model */ = {
			isa = PBXGroup;
			children = (
				B16AD07E27B9F68500FDDD86 /* Data.swift */,
				B16AD07A27B9F66300FDDD86 /* Factories.swift */,
			);
			path = Model;
			sourceTree = "<group>";
		};
		B178887127BB486F00D28CE3 /* Views */ = {
			isa = PBXGroup;
			children = (
				B16AD08027B9F69500FDDD86 /* MenuBar.swift */,
				B16AD08427B9F6D800FDDD86 /* Button.swift */,
				B16AD07827B9F65000FDDD86 /* PlaylistCell.swift */,
			);
			path = Views;
			sourceTree = "<group>";
		};
		B178887227BB488600D28CE3 /* Controllers */ = {
			isa = PBXGroup;
			children = (
				B16AD06827B9F5CE00FDDD86 /* ViewController.swift */,
				B16AD07C27B9F67500FDDD86 /* HomeController.swift */,
				B16AD08227B9F6C700FDDD86 /* Container.swift */,
			);
			path = Controllers;
			sourceTree = "<group>";
		};
/* End PBXGroup section */

/* Begin PBXNativeTarget section */
		B16AD06027B9F5CE00FDDD86 /* Spotify_Clone */ = {
			isa = PBXNativeTarget;
			buildConfigurationList = B16AD07527B9F5CE00FDDD86 /* Build configuration list for PBXNativeTarget "Spotify_Clone" */;
			buildPhases = (
				B16AD05D27B9F5CE00FDDD86 /* Sources */,
				B16AD05E27B9F5CE00FDDD86 /* Frameworks */,
				B16AD05F27B9F5CE00FDDD86 /* Resources */,
			);
			buildRules = (
			);
			dependencies = (
			);
			name = Spotify_Clone;
			productName = Spotify_Clone;
			productReference = B16AD06127B9F5CE00FDDD86 /* Spotify_Clone.app */;
			productType = "com.apple.product-type.application";
		};
/* End PBXNativeTarget section */

/* Begin PBXProject section */
		B16AD05927B9F5CE00FDDD86 /* Project object */ = {
			isa = PBXProject;
			attributes = {
				BuildIndependentTargetsInParallel = 1;
				LastSwiftUpdateCheck = 1320;
				LastUpgradeCheck = 1320;
				TargetAttributes = {
					B16AD06027B9F5CE00FDDD86 = {
						CreatedOnToolsVersion = 13.2.1;
					};
				};
			};
			buildConfigurationList = B16AD05C27B9F5CE00FDDD86 /* Build configuration list for PBXProject "Spotify_Clone" */;
			compatibilityVersion = "Xcode 13.0";
			developmentRegion = en;
			hasScannedForEncodings = 0;
			knownRegions = (
				en,
				Base,
			);
			mainGroup = B16AD05827B9F5CE00FDDD86;
			productRefGroup = B16AD06227B9F5CE00FDDD86 /* Products */;
			projectDirPath = "";
			projectRoot = "";
			targets = (
				B16AD06027B9F5CE00FDDD86 /* Spotify_Clone */,
			);
		};
/* End PBXProject section */

/* Begin PBXResourcesBuildPhase section */
		B16AD05F27B9F5CE00FDDD86 /* Resources */ = {
			isa = PBXResourcesBuildPhase;
			buildActionMask = 2147483647;
			files = (
				B16AD07127B9F5CE00FDDD86 /* LaunchScreen.storyboard in Resources */,
				B16AD06E27B9F5CE00FDDD86 /* Assets.xcassets in Resources */,
			);
			runOnlyForDeploymentPostprocessing = 0;
		};
/* End PBXResourcesBuildPhase section */

/* Begin PBXSourcesBuildPhase section */
		B16AD05D27B9F5CE00FDDD86 /* Sources */ = {
			isa = PBXSourcesBuildPhase;
			buildActionMask = 2147483647;
			files = (
				B16AD06927B9F5CE00FDDD86 /* ViewController.swift in Sources */,
				B16AD07F27B9F68500FDDD86 /* Data.swift in Sources */,
				B16AD06527B9F5CE00FDDD86 /* AppDelegate.swift in Sources */,
				B16AD07B27B9F66300FDDD86 /* Factories.swift in Sources */,
				B16AD07927B9F65000FDDD86 /* PlaylistCell.swift in Sources */,
				B16AD08327B9F6C700FDDD86 /* Container.swift in Sources */,
				B16AD08127B9F69500FDDD86 /* MenuBar.swift in Sources */,
				B16AD08527B9F6D800FDDD86 /* Button.swift in Sources */,
				B16AD07D27B9F67500FDDD86 /* HomeController.swift in Sources */,
			);
			runOnlyForDeploymentPostprocessing = 0;
		};
/* End PBXSourcesBuildPhase section */

/* Begin PBXVariantGroup section */
		B16AD06F27B9F5CE00FDDD86 /* LaunchScreen.storyboard */ = {
			isa = PBXVariantGroup;
			children = (
				B16AD07027B9F5CE00FDDD86 /* Base */,
			);
			name = LaunchScreen.storyboard;
			sourceTree = "<group>";
		};
/* End PBXVariantGroup section */

/* Begin XCBuildConfiguration section */
		B16AD07327B9F5CE00FDDD86 /* Debug */ = {
			isa = XCBuildConfiguration;
			buildSettings = {
				ALWAYS_SEARCH_USER_PATHS = NO;
				CLANG_ANALYZER_NONNULL = YES;
				CLANG_ANALYZER_NUMBER_OBJECT_CONVERSION = YES_AGGRESSIVE;
				CLANG_CXX_LANGUAGE_STANDARD = "gnu++17";
				CLANG_CXX_LIBRARY = "libc++";
				CLANG_ENABLE_MODULES = YES;
				CLANG_ENABLE_OBJC_ARC = YES;
				CLANG_ENABLE_OBJC_WEAK = YES;
				CLANG_WARN_BLOCK_CAPTURE_AUTORELEASING = YES;
				CLANG_WARN_BOOL_CONVERSION = YES;
				CLANG_WARN_COMMA = YES;
				CLANG_WARN_CONSTANT_CONVERSION = YES;
				CLANG_WARN_DEPRECATED_OBJC_IMPLEMENTATIONS = YES;
				CLANG_WARN_DIRECT_OBJC_ISA_USAGE = YES_ERROR;
				CLANG_WARN_DOCUMENTATION_COMMENTS = YES;
				CLANG_WARN_EMPTY_BODY = YES;
				CLANG_WARN_ENUM_CONVERSION = YES;
				CLANG_WARN_INFINITE_RECURSION = YES;
				CLANG_WARN_INT_CONVERSION = YES;
				CLANG_WARN_NON_LITERAL_NULL_CONVERSION = YES;
				CLANG_WARN_OBJC_IMPLICIT_RETAIN_SELF = YES;
				CLANG_WARN_OBJC_LITERAL_CONVERSION = YES;
				CLANG_WARN_OBJC_ROOT_CLASS = YES_ERROR;
				CLANG_WARN_QUOTED_INCLUDE_IN_FRAMEWORK_HEADER = YES;
				CLANG_WARN_RANGE_LOOP_ANALYSIS = YES;
				CLANG_WARN_STRICT_PROTOTYPES = YES;
				CLANG_WARN_SUSPICIOUS_MOVE = YES;
				CLANG_WARN_UNGUARDED_AVAILABILITY = YES_AGGRESSIVE;
				CLANG_WARN_UNREACHABLE_CODE = YES;
				CLANG_WARN__DUPLICATE_METHOD_MATCH = YES;
				COPY_PHASE_STRIP = NO;
				DEBUG_INFORMATION_FORMAT = dwarf;
				ENABLE_STRICT_OBJC_MSGSEND = YES;
				ENABLE_TESTABILITY = YES;
				GCC_C_LANGUAGE_STANDARD = gnu11;
				GCC_DYNAMIC_NO_PIC = NO;
				GCC_NO_COMMON_BLOCKS = YES;
				GCC_OPTIMIZATION_LEVEL = 0;
				GCC_PREPROCESSOR_DEFINITIONS = (
					"DEBUG=1",
					"$(inherited)",
				);
				GCC_WARN_64_TO_32_BIT_CONVERSION = YES;
				GCC_WARN_ABOUT_RETURN_TYPE = YES_ERROR;
				GCC_WARN_UNDECLARED_SELECTOR = YES;
				GCC_WARN_UNINITIALIZED_AUTOS = YES_AGGRESSIVE;
				GCC_WARN_UNUSED_FUNCTION = YES;
				GCC_WARN_UNUSED_VARIABLE = YES;
				IPHONEOS_DEPLOYMENT_TARGET = 15.2;
				MTL_ENABLE_DEBUG_INFO = INCLUDE_SOURCE;
				MTL_FAST_MATH = YES;
				ONLY_ACTIVE_ARCH = YES;
				SDKROOT = iphoneos;
				SWIFT_ACTIVE_COMPILATION_CONDITIONS = DEBUG;
				SWIFT_OPTIMIZATION_LEVEL = "-Onone";
			};
			name = Debug;
		};
		B16AD07427B9F5CE00FDDD86 /* Release */ = {
			isa = XCBuildConfiguration;
			buildSettings = {
				ALWAYS_SEARCH_USER_PATHS = NO;
				CLANG_ANALYZER_NONNULL = YES;
				CLANG_ANALYZER_NUMBER_OBJECT_CONVERSION = YES_AGGRESSIVE;
				CLANG_CXX_LANGUAGE_STANDARD = "gnu++17";
				CLANG_CXX_LIBRARY = "libc++";
				CLANG_ENABLE_MODULES = YES;
				CLANG_ENABLE_OBJC_ARC = YES;
				CLANG_ENABLE_OBJC_WEAK = YES;
				CLANG_WARN_BLOCK_CAPTURE_AUTORELEASING = YES;
				CLANG_WARN_BOOL_CONVERSION = YES;
				CLANG_WARN_COMMA = YES;
				CLANG_WARN_CONSTANT_CONVERSION = YES;
				CLANG_WARN_DEPRECATED_OBJC_IMPLEMENTATIONS = YES;
				CLANG_WARN_DIRECT_OBJC_ISA_USAGE = YES_ERROR;
				CLANG_WARN_DOCUMENTATION_COMMENTS = YES;
				CLANG_WARN_EMPTY_BODY = YES;
				CLANG_WARN_ENUM_CONVERSION = YES;
				CLANG_WARN_INFINITE_RECURSION = YES;
				CLANG_WARN_INT_CONVERSION = YES;
				CLANG_WARN_NON_LITERAL_NULL_CONVERSION = YES;
				CLANG_WARN_OBJC_IMPLICIT_RETAIN_SELF = YES;
				CLANG_WARN_OBJC_LITERAL_CONVERSION = YES;
				CLANG_WARN_OBJC_ROOT_CLASS = YES_ERROR;
				CLANG_WARN_QUOTED_INCLUDE_IN_FRAMEWORK_HEADER = YES;
				CLANG_WARN_RANGE_LOOP_ANALYSIS = YES;
				CLANG_WARN_STRICT_PROTOTYPES = YES;
				CLANG_WARN_SUSPICIOUS_MOVE = YES;
				CLANG_WARN_UNGUARDED_AVAILABILITY = YES_AGGRESSIVE;
				CLANG_WARN_UNREACHABLE_CODE = YES;
				CLANG_WARN__DUPLICATE_METHOD_MATCH = YES;
				COPY_PHASE_STRIP = NO;
				DEBUG_INFORMATION_FORMAT = "dwarf-with-dsym";
				ENABLE_NS_ASSERTIONS = NO;
				ENABLE_STRICT_OBJC_MSGSEND = YES;
				GCC_C_LANGUAGE_STANDARD = gnu11;
				GCC_NO_COMMON_BLOCKS = YES;
				GCC_WARN_64_TO_32_BIT_CONVERSION = YES;
				GCC_WARN_ABOUT_RETURN_TYPE = YES_ERROR;
				GCC_WARN_UNDECLARED_SELECTOR = YES;
				GCC_WARN_UNINITIALIZED_AUTOS = YES_AGGRESSIVE;
				GCC_WARN_UNUSED_FUNCTION = YES;
				GCC_WARN_UNUSED_VARIABLE = YES;
				IPHONEOS_DEPLOYMENT_TARGET = 15.2;
				MTL_ENABLE_DEBUG_INFO = NO;
				MTL_FAST_MATH = YES;
				SDKROOT = iphoneos;
				SWIFT_COMPILATION_MODE = wholemodule;
				SWIFT_OPTIMIZATION_LEVEL = "-O";
				VALIDATE_PRODUCT = YES;
			};
			name = Release;
		};
		B16AD07627B9F5CE00FDDD86 /* Debug */ = {
			isa = XCBuildConfiguration;
			buildSettings = {
				ASSETCATALOG_COMPILER_APPICON_NAME = AppIcon;
				ASSETCATALOG_COMPILER_GLOBAL_ACCENT_COLOR_NAME = AccentColor;
				CODE_SIGN_STYLE = Automatic;
				CURRENT_PROJECT_VERSION = 1;
				DEVELOPMENT_TEAM = 2YRM32W757;
				GENERATE_INFOPLIST_FILE = YES;
				INFOPLIST_FILE = Spotify_Clone/Info.plist;
				INFOPLIST_KEY_UIApplicationSupportsIndirectInputEvents = YES;
				INFOPLIST_KEY_UILaunchStoryboardName = LaunchScreen;
				INFOPLIST_KEY_UISupportedInterfaceOrientations_iPad = "UIInterfaceOrientationPortrait UIInterfaceOrientationPortraitUpsideDown UIInterfaceOrientationLandscapeLeft UIInterfaceOrientationLandscapeRight";
				INFOPLIST_KEY_UISupportedInterfaceOrientations_iPhone = "UIInterfaceOrientationPortrait UIInterfaceOrientationLandscapeLeft UIInterfaceOrientationLandscapeRight";
				LD_RUNPATH_SEARCH_PATHS = (
					"$(inherited)",
					"@executable_path/Frameworks",
				);
				MARKETING_VERSION = 1.0;
				PRODUCT_BUNDLE_IDENTIFIER = "com.raufaliyev.Spotify-Clone";
				PRODUCT_NAME = "$(TARGET_NAME)";
				SWIFT_EMIT_LOC_STRINGS = YES;
				SWIFT_VERSION = 5.0;
				TARGETED_DEVICE_FAMILY = "1,2";
			};
			name = Debug;
		};
		B16AD07727B9F5CE00FDDD86 /* Release */ = {
			isa = XCBuildConfiguration;
			buildSettings = {
				ASSETCATALOG_COMPILER_APPICON_NAME = AppIcon;
				ASSETCATALOG_COMPILER_GLOBAL_ACCENT_COLOR_NAME = AccentColor;
				CODE_SIGN_STYLE = Automatic;
				CURRENT_PROJECT_VERSION = 1;
				DEVELOPMENT_TEAM = 2YRM32W757;
				GENERATE_INFOPLIST_FILE = YES;
				INFOPLIST_FILE = Spotify_Clone/Info.plist;
				INFOPLIST_KEY_UIApplicationSupportsIndirectInputEvents = YES;
				INFOPLIST_KEY_UILaunchStoryboardName = LaunchScreen;
				INFOPLIST_KEY_UISupportedInterfaceOrientations_iPad = "UIInterfaceOrientationPortrait UIInterfaceOrientationPortraitUpsideDown UIInterfaceOrientationLandscapeLeft UIInterfaceOrientationLandscapeRight";
				INFOPLIST_KEY_UISupportedInterfaceOrientations_iPhone = "UIInterfaceOrientationPortrait UIInterfaceOrientationLandscapeLeft UIInterfaceOrientationLandscapeRight";
				LD_RUNPATH_SEARCH_PATHS = (
					"$(inherited)",
					"@executable_path/Frameworks",
				);
				MARKETING_VERSION = 1.0;
				PRODUCT_BUNDLE_IDENTIFIER = "com.raufaliyev.Spotify-Clone";
				PRODUCT_NAME = "$(TARGET_NAME)";
				SWIFT_EMIT_LOC_STRINGS = YES;
				SWIFT_VERSION = 5.0;
				TARGETED_DEVICE_FAMILY = "1,2";
			};
			name = Release;
		};
/* End XCBuildConfiguration section */

/* Begin XCConfigurationList section */
		B16AD05C27B9F5CE00FDDD86 /* Build configuration list for PBXProject "Spotify_Clone" */ = {
			isa = XCConfigurationList;
			buildConfigurations = (
				B16AD07327B9F5CE00FDDD86 /* Debug */,
				B16AD07427B9F5CE00FDDD86 /* Release */,
			);
			defaultConfigurationIsVisible = 0;
			defaultConfigurationName = Release;
		};
		B16AD07527B9F5CE00FDDD86 /* Build configuration list for PBXNativeTarget "Spotify_Clone" */ = {
			isa = XCConfigurationList;
			buildConfigurations = (
				B16AD07627B9F5CE00FDDD86 /* Debug */,
				B16AD07727B9F5CE00FDDD86 /* Release */,
			);
			defaultConfigurationIsVisible = 0;
			defaultConfigurationName = Release;
		};
/* End XCConfigurationList section */
	};
	rootObject = B16AD05927B9F5CE00FDDD86 /* Project object */;
}
